
Microsoft Visual Studio Solution File, Format Version 12.00
# Visual Studio 15
VisualStudioVersion = 15.0.28010.2041
MinimumVisualStudioVersion = 10.0.40219.1
Project("{FAE04EC0-301F-11D3-BF4B-00C04F79EFBC}") = "ArticleBuilder", "ArticleBuilder\ArticleBuilder.csproj", "{16183AD4-0F81-46D4-9284-34A784559B9F}"
EndProject
Global
	GlobalSection(SolutionConfigurationPlatforms) = preSolution
		Debug|Any CPU = Debug|Any CPU
		Release|Any CPU = Release|Any CPU
	EndGlobalSection
	GlobalSection(ProjectConfigurationPlatforms) = postSolution
		{16183AD4-0F81-46D4-9284-34A784559B9F}.Debug|Any CPU.ActiveCfg = Debug|Any CPU
		{16183AD4-0F81-46D4-9284-34A784559B9F}.Debug|Any CPU.Build.0 = Debug|Any CPU
		{16183AD4-0F81-46D4-9284-34A784559B9F}.Release|Any CPU.ActiveCfg = Release|Any CPU
		{16183AD4-0F81-46D4-9284-34A784559B9F}.Release|Any CPU.Build.0 = Release|Any CPU
	EndGlobalSection
	GlobalSection(SolutionProperties) = preSolution
		HideSolutionNode = FALSE
	EndGlobalSection
	GlobalSection(ExtensibilityGlobals) = postSolution
		SolutionGuid = {B78E55DC-54D3-45CD-AB37-FC8F48D5A0AD}
	EndGlobalSection
EndGlobal
